// !$*UTF8*$!
{
	archiveVersion = 1;
	classes = {
	};
	objectVersion = 55;
	objects = {

/* Begin PBXBuildFile section */
		02A7358E2790C59500ECB052 /* image.cpp in Sources */ = {isa = PBXBuildFile; fileRef = 02A7358C2790C59500ECB052 /* image.cpp */; };
		02A7358F2790C59500ECB052 /* main.cpp in Sources */ = {isa = PBXBuildFile; fileRef = 02A7358D2790C59500ECB052 /* main.cpp */; };
		02C353B9278FC3AB00D314B9 /* main.cpp in Sources */ = {isa = PBXBuildFile; fileRef = 02C353B8278FC3AB00D314B9 /* main.cpp */; };
		02C353C1278FC3DD00D314B9 /* image.cpp in Sources */ = {isa = PBXBuildFile; fileRef = 02C353BF278FC3DD00D314B9 /* image.cpp */; };
		02D964C02790FFDD00F833FB /* image.cpp in Sources */ = {isa = PBXBuildFile; fileRef = 02D964BD2790FFDD00F833FB /* image.cpp */; };
		02D964C12790FFDD00F833FB /* main.cpp in Sources */ = {isa = PBXBuildFile; fileRef = 02D964BF2790FFDD00F833FB /* main.cpp */; };
/* End PBXBuildFile section */

/* Begin PBXCopyFilesBuildPhase section */
		02BC34F32790C54200CF909B /* CopyFiles */ = {
			isa = PBXCopyFilesBuildPhase;
			buildActionMask = 2147483647;
			dstPath = /usr/share/man/man1/;
			dstSubfolderSpec = 0;
			files = (
			);
			runOnlyForDeploymentPostprocessing = 1;
		};
		02BC34FD2790C54B00CF909B /* CopyFiles */ = {
			isa = PBXCopyFilesBuildPhase;
			buildActionMask = 2147483647;
			dstPath = /usr/share/man/man1/;
			dstSubfolderSpec = 0;
			files = (
			);
			runOnlyForDeploymentPostprocessing = 1;
		};
		02C353B3278FC3AB00D314B9 /* CopyFiles */ = {
			isa = PBXCopyFilesBuildPhase;
			buildActionMask = 2147483647;
			dstPath = /usr/share/man/man1/;
			dstSubfolderSpec = 0;
			files = (
			);
			runOnlyForDeploymentPostprocessing = 1;
		};
/* End PBXCopyFilesBuildPhase section */

/* Begin PBXFileReference section */
		02A7358B2790C59500ECB052 /* image.hpp */ = {isa = PBXFileReference; fileEncoding = 4; lastKnownFileType = sourcecode.cpp.h; path = image.hpp; sourceTree = "<group>"; };
		02A7358C2790C59500ECB052 /* image.cpp */ = {isa = PBXFileReference; fileEncoding = 4; lastKnownFileType = sourcecode.cpp.cpp; path = image.cpp; sourceTree = "<group>"; };
		02A7358D2790C59500ECB052 /* main.cpp */ = {isa = PBXFileReference; fileEncoding = 4; lastKnownFileType = sourcecode.cpp.cpp; path = main.cpp; sourceTree = "<group>"; };
		02BC34F72790C54200CF909B /* Windows */ = {isa = PBXFileReference; explicitFileType = "compiled.mach-o.executable"; includeInIndex = 0; path = Windows; sourceTree = BUILT_PRODUCTS_DIR; };
		02BC35012790C54B00CF909B /* Linux */ = {isa = PBXFileReference; explicitFileType = "compiled.mach-o.executable"; includeInIndex = 0; path = Linux; sourceTree = BUILT_PRODUCTS_DIR; };
		02C353B5278FC3AB00D314B9 /* MacOS */ = {isa = PBXFileReference; explicitFileType = "compiled.mach-o.executable"; includeInIndex = 0; path = MacOS; sourceTree = BUILT_PRODUCTS_DIR; };
		02C353B8278FC3AB00D314B9 /* main.cpp */ = {isa = PBXFileReference; lastKnownFileType = sourcecode.cpp.cpp; path = main.cpp; sourceTree = "<group>"; };
		02C353BF278FC3DD00D314B9 /* image.cpp */ = {isa = PBXFileReference; fileEncoding = 4; lastKnownFileType = sourcecode.cpp.cpp; path = image.cpp; sourceTree = "<group>"; };
		02C353C0278FC3DD00D314B9 /* image.hpp */ = {isa = PBXFileReference; fileEncoding = 4; lastKnownFileType = sourcecode.cpp.h; path = image.hpp; sourceTree = "<group>"; };
		02D964BD2790FFDD00F833FB /* image.cpp */ = {isa = PBXFileReference; fileEncoding = 4; lastKnownFileType = sourcecode.cpp.cpp; path = image.cpp; sourceTree = "<group>"; };
		02D964BE2790FFDD00F833FB /* image.hpp */ = {isa = PBXFileReference; fileEncoding = 4; lastKnownFileType = sourcecode.cpp.h; path = image.hpp; sourceTree = "<group>"; };
		02D964BF2790FFDD00F833FB /* main.cpp */ = {isa = PBXFileReference; fileEncoding = 4; lastKnownFileType = sourcecode.cpp.cpp; path = main.cpp; sourceTree = "<group>"; };
/* End PBXFileReference section */

/* Begin PBXFrameworksBuildPhase section */
		02BC34F22790C54200CF909B /* Frameworks */ = {
			isa = PBXFrameworksBuildPhase;
			buildActionMask = 2147483647;
			files = (
			);
			runOnlyForDeploymentPostprocessing = 0;
		};
		02BC34FC2790C54B00CF909B /* Frameworks */ = {
			isa = PBXFrameworksBuildPhase;
			buildActionMask = 2147483647;
			files = (
			);
			runOnlyForDeploymentPostprocessing = 0;
		};
		02C353B2278FC3AB00D314B9 /* Frameworks */ = {
			isa = PBXFrameworksBuildPhase;
			buildActionMask = 2147483647;
			files = (
			);
			runOnlyForDeploymentPostprocessing = 0;
		};
/* End PBXFrameworksBuildPhase section */

/* Begin PBXGroup section */
		02BC34ED2790C4E100CF909B /* Windows */ = {
			isa = PBXGroup;
			children = (
				02A7358B2790C59500ECB052 /* image.hpp */,
				02A7358C2790C59500ECB052 /* image.cpp */,
				02A7358D2790C59500ECB052 /* main.cpp */,
			);
			path = Windows;
			sourceTree = "<group>";
		};
		02C353AC278FC3AB00D314B9 = {
			isa = PBXGroup;
			children = (
				02D964BC2790FFA900F833FB /* Linux */,
				02BC34ED2790C4E100CF909B /* Windows */,
				02C353B7278FC3AB00D314B9 /* MacOS */,
				02C353B6278FC3AB00D314B9 /* Products */,
			);
			sourceTree = "<group>";
		};
		02C353B6278FC3AB00D314B9 /* Products */ = {
			isa = PBXGroup;
			children = (
				02C353B5278FC3AB00D314B9 /* MacOS */,
				02BC34F72790C54200CF909B /* Windows */,
				02BC35012790C54B00CF909B /* Linux */,
			);
			name = Products;
			sourceTree = "<group>";
		};
		02C353B7278FC3AB00D314B9 /* MacOS */ = {
			isa = PBXGroup;
			children = (
				02C353C0278FC3DD00D314B9 /* image.hpp */,
				02C353BF278FC3DD00D314B9 /* image.cpp */,
				02C353B8278FC3AB00D314B9 /* main.cpp */,
			);
			path = MacOS;
			sourceTree = "<group>";
		};
		02D964BC2790FFA900F833FB /* Linux */ = {
			isa = PBXGroup;
			children = (
				02D964BD2790FFDD00F833FB /* image.cpp */,
				02D964BE2790FFDD00F833FB /* image.hpp */,
				02D964BF2790FFDD00F833FB /* main.cpp */,
			);
			path = Linux;
			sourceTree = "<group>";
		};
/* End PBXGroup section */

/* Begin PBXNativeTarget section */
		02BC34EE2790C54200CF909B /* Windows */ = {
			isa = PBXNativeTarget;
			buildConfigurationList = 02BC34F42790C54200CF909B /* Build configuration list for PBXNativeTarget "Windows" */;
			buildPhases = (
				02BC34EF2790C54200CF909B /* Sources */,
				02BC34F22790C54200CF909B /* Frameworks */,
				02BC34F32790C54200CF909B /* CopyFiles */,
			);
			buildRules = (
			);
			dependencies = (
			);
			name = Windows;
			productName = Steg_cpp;
			productReference = 02BC34F72790C54200CF909B /* Windows */;
			productType = "com.apple.product-type.tool";
		};
		02BC34F82790C54B00CF909B /* Linux */ = {
			isa = PBXNativeTarget;
			buildConfigurationList = 02BC34FE2790C54B00CF909B /* Build configuration list for PBXNativeTarget "Linux" */;
			buildPhases = (
				02BC34F92790C54B00CF909B /* Sources */,
				02BC34FC2790C54B00CF909B /* Frameworks */,
				02BC34FD2790C54B00CF909B /* CopyFiles */,
			);
			buildRules = (
			);
			dependencies = (
			);
			name = Linux;
			productName = Steg_cpp;
			productReference = 02BC35012790C54B00CF909B /* Linux */;
			productType = "com.apple.product-type.tool";
		};
		02C353B4278FC3AB00D314B9 /* MacOS */ = {
			isa = PBXNativeTarget;
			buildConfigurationList = 02C353BC278FC3AB00D314B9 /* Build configuration list for PBXNativeTarget "MacOS" */;
			buildPhases = (
				02C353B1278FC3AB00D314B9 /* Sources */,
				02C353B2278FC3AB00D314B9 /* Frameworks */,
				02C353B3278FC3AB00D314B9 /* CopyFiles */,
			);
			buildRules = (
			);
			dependencies = (
			);
			name = MacOS;
			productName = Steg_cpp;
			productReference = 02C353B5278FC3AB00D314B9 /* MacOS */;
			productType = "com.apple.product-type.tool";
		};
/* End PBXNativeTarget section */

/* Begin PBXProject section */
		02C353AD278FC3AB00D314B9 /* Project object */ = {
			isa = PBXProject;
			attributes = {
				BuildIndependentTargetsInParallel = 1;
				LastUpgradeCheck = 1320;
				TargetAttributes = {
					02C353B4278FC3AB00D314B9 = {
						CreatedOnToolsVersion = 13.2.1;
					};
				};
			};
			buildConfigurationList = 02C353B0278FC3AB00D314B9 /* Build configuration list for PBXProject "Steg_cpp" */;
			compatibilityVersion = "Xcode 13.0";
			developmentRegion = en;
			hasScannedForEncodings = 0;
			knownRegions = (
				en,
				Base,
			);
			mainGroup = 02C353AC278FC3AB00D314B9;
			productRefGroup = 02C353B6278FC3AB00D314B9 /* Products */;
			projectDirPath = "";
			projectRoot = "";
			targets = (
				02C353B4278FC3AB00D314B9 /* MacOS */,
				02BC34EE2790C54200CF909B /* Windows */,
				02BC34F82790C54B00CF909B /* Linux */,
			);
		};
/* End PBXProject section */

/* Begin PBXSourcesBuildPhase section */
		02BC34EF2790C54200CF909B /* Sources */ = {
			isa = PBXSourcesBuildPhase;
			buildActionMask = 2147483647;
			files = (
				02A7358F2790C59500ECB052 /* main.cpp in Sources */,
				02A7358E2790C59500ECB052 /* image.cpp in Sources */,
			);
			runOnlyForDeploymentPostprocessing = 0;
		};
		02BC34F92790C54B00CF909B /* Sources */ = {
			isa = PBXSourcesBuildPhase;
			buildActionMask = 2147483647;
			files = (
				02D964C12790FFDD00F833FB /* main.cpp in Sources */,
				02D964C02790FFDD00F833FB /* image.cpp in Sources */,
			);
			runOnlyForDeploymentPostprocessing = 0;
		};
		02C353B1278FC3AB00D314B9 /* Sources */ = {
			isa = PBXSourcesBuildPhase;
			buildActionMask = 2147483647;
			files = (
				02C353B9278FC3AB00D314B9 /* main.cpp in Sources */,
				02C353C1278FC3DD00D314B9 /* image.cpp in Sources */,
			);
			runOnlyForDeploymentPostprocessing = 0;
		};
/* End PBXSourcesBuildPhase section */

/* Begin XCBuildConfiguration section */
		02BC34F52790C54200CF909B /* Debug */ = {
			isa = XCBuildConfiguration;
			buildSettings = {
				CODE_SIGN_STYLE = Automatic;
				DEVELOPMENT_TEAM = UK33H25L49;
				ENABLE_HARDENED_RUNTIME = YES;
				PRODUCT_NAME = "$(TARGET_NAME)";
			};
			name = Debug;
		};
		02BC34F62790C54200CF909B /* Release */ = {
			isa = XCBuildConfiguration;
			buildSettings = {
				CODE_SIGN_STYLE = Automatic;
				DEVELOPMENT_TEAM = UK33H25L49;
				ENABLE_HARDENED_RUNTIME = YES;
				PRODUCT_NAME = "$(TARGET_NAME)";
			};
			name = Release;
		};
		02BC34FF2790C54B00CF909B /* Debug */ = {
			isa = XCBuildConfiguration;
			buildSettings = {
				CODE_SIGN_STYLE = Automatic;
				DEVELOPMENT_TEAM = UK33H25L49;
				ENABLE_HARDENED_RUNTIME = YES;
				PRODUCT_NAME = "$(TARGET_NAME)";
			};
			name = Debug;
		};
		02BC35002790C54B00CF909B /* Release */ = {
			isa = XCBuildConfiguration;
			buildSettings = {
				CODE_SIGN_STYLE = Automatic;
				DEVELOPMENT_TEAM = UK33H25L49;
				ENABLE_HARDENED_RUNTIME = YES;
				PRODUCT_NAME = "$(TARGET_NAME)";
			};
			name = Release;
		};
		02C353BA278FC3AB00D314B9 /* Debug */ = {
			isa = XCBuildConfiguration;
			buildSettings = {
				ALWAYS_SEARCH_USER_PATHS = NO;
				CLANG_ANALYZER_NONNULL = YES;
				CLANG_ANALYZER_NUMBER_OBJECT_CONVERSION = YES_AGGRESSIVE;
				CLANG_CXX_LANGUAGE_STANDARD = "gnu++17";
				CLANG_CXX_LIBRARY = "libc++";
				CLANG_ENABLE_MODULES = YES;
				CLANG_ENABLE_OBJC_ARC = YES;
				CLANG_ENABLE_OBJC_WEAK = YES;
				CLANG_WARN_BLOCK_CAPTURE_AUTORELEASING = YES;
				CLANG_WARN_BOOL_CONVERSION = YES;
				CLANG_WARN_COMMA = YES;
				CLANG_WARN_CONSTANT_CONVERSION = YES;
				CLANG_WARN_DEPRECATED_OBJC_IMPLEMENTATIONS = YES;
				CLANG_WARN_DIRECT_OBJC_ISA_USAGE = YES_ERROR;
				CLANG_WARN_DOCUMENTATION_COMMENTS = YES;
				CLANG_WARN_EMPTY_BODY = YES;
				CLANG_WARN_ENUM_CONVERSION = YES;
				CLANG_WARN_INFINITE_RECURSION = YES;
				CLANG_WARN_INT_CONVERSION = YES;
				CLANG_WARN_NON_LITERAL_NULL_CONVERSION = YES;
				CLANG_WARN_OBJC_IMPLICIT_RETAIN_SELF = YES;
				CLANG_WARN_OBJC_LITERAL_CONVERSION = YES;
				CLANG_WARN_OBJC_ROOT_CLASS = YES_ERROR;
				CLANG_WARN_QUOTED_INCLUDE_IN_FRAMEWORK_HEADER = YES;
				CLANG_WARN_RANGE_LOOP_ANALYSIS = YES;
				CLANG_WARN_STRICT_PROTOTYPES = YES;
				CLANG_WARN_SUSPICIOUS_MOVE = YES;
				CLANG_WARN_UNGUARDED_AVAILABILITY = YES_AGGRESSIVE;
				CLANG_WARN_UNREACHABLE_CODE = YES;
				CLANG_WARN__DUPLICATE_METHOD_MATCH = YES;
				COPY_PHASE_STRIP = NO;
				DEBUG_INFORMATION_FORMAT = dwarf;
				ENABLE_STRICT_OBJC_MSGSEND = YES;
				ENABLE_TESTABILITY = YES;
				GCC_C_LANGUAGE_STANDARD = gnu11;
				GCC_DYNAMIC_NO_PIC = NO;
				GCC_NO_COMMON_BLOCKS = YES;
				GCC_OPTIMIZATION_LEVEL = 0;
				GCC_PREPROCESSOR_DEFINITIONS = (
					"DEBUG=1",
					"$(inherited)",
				);
				GCC_WARN_64_TO_32_BIT_CONVERSION = YES;
				GCC_WARN_ABOUT_RETURN_TYPE = YES_ERROR;
				GCC_WARN_UNDECLARED_SELECTOR = YES;
				GCC_WARN_UNINITIALIZED_AUTOS = YES_AGGRESSIVE;
				GCC_WARN_UNUSED_FUNCTION = YES;
				GCC_WARN_UNUSED_VARIABLE = YES;
				MACOSX_DEPLOYMENT_TARGET = 12.1;
				MTL_ENABLE_DEBUG_INFO = INCLUDE_SOURCE;
				MTL_FAST_MATH = YES;
				ONLY_ACTIVE_ARCH = YES;
				SDKROOT = macosx;
			};
			name = Debug;
		};
		02C353BB278FC3AB00D314B9 /* Release */ = {
			isa = XCBuildConfiguration;
			buildSettings = {
				ALWAYS_SEARCH_USER_PATHS = NO;
				CLANG_ANALYZER_NONNULL = YES;
				CLANG_ANALYZER_NUMBER_OBJECT_CONVERSION = YES_AGGRESSIVE;
				CLANG_CXX_LANGUAGE_STANDARD = "gnu++17";
				CLANG_CXX_LIBRARY = "libc++";
				CLANG_ENABLE_MODULES = YES;
				CLANG_ENABLE_OBJC_ARC = YES;
				CLANG_ENABLE_OBJC_WEAK = YES;
				CLANG_WARN_BLOCK_CAPTURE_AUTORELEASING = YES;
				CLANG_WARN_BOOL_CONVERSION = YES;
				CLANG_WARN_COMMA = YES;
				CLANG_WARN_CONSTANT_CONVERSION = YES;
				CLANG_WARN_DEPRECATED_OBJC_IMPLEMENTATIONS = YES;
				CLANG_WARN_DIRECT_OBJC_ISA_USAGE = YES_ERROR;
				CLANG_WARN_DOCUMENTATION_COMMENTS = YES;
				CLANG_WARN_EMPTY_BODY = YES;
				CLANG_WARN_ENUM_CONVERSION = YES;
				CLANG_WARN_INFINITE_RECURSION = YES;
				CLANG_WARN_INT_CONVERSION = YES;
				CLANG_WARN_NON_LITERAL_NULL_CONVERSION = YES;
				CLANG_WARN_OBJC_IMPLICIT_RETAIN_SELF = YES;
				CLANG_WARN_OBJC_LITERAL_CONVERSION = YES;
				CLANG_WARN_OBJC_ROOT_CLASS = YES_ERROR;
				CLANG_WARN_QUOTED_INCLUDE_IN_FRAMEWORK_HEADER = YES;
				CLANG_WARN_RANGE_LOOP_ANALYSIS = YES;
				CLANG_WARN_STRICT_PROTOTYPES = YES;
				CLANG_WARN_SUSPICIOUS_MOVE = YES;
				CLANG_WARN_UNGUARDED_AVAILABILITY = YES_AGGRESSIVE;
				CLANG_WARN_UNREACHABLE_CODE = YES;
				CLANG_WARN__DUPLICATE_METHOD_MATCH = YES;
				COPY_PHASE_STRIP = NO;
				DEBUG_INFORMATION_FORMAT = "dwarf-with-dsym";
				ENABLE_NS_ASSERTIONS = NO;
				ENABLE_STRICT_OBJC_MSGSEND = YES;
				GCC_C_LANGUAGE_STANDARD = gnu11;
				GCC_NO_COMMON_BLOCKS = YES;
				GCC_WARN_64_TO_32_BIT_CONVERSION = YES;
				GCC_WARN_ABOUT_RETURN_TYPE = YES_ERROR;
				GCC_WARN_UNDECLARED_SELECTOR = YES;
				GCC_WARN_UNINITIALIZED_AUTOS = YES_AGGRESSIVE;
				GCC_WARN_UNUSED_FUNCTION = YES;
				GCC_WARN_UNUSED_VARIABLE = YES;
				MACOSX_DEPLOYMENT_TARGET = 12.1;
				MTL_ENABLE_DEBUG_INFO = NO;
				MTL_FAST_MATH = YES;
				SDKROOT = macosx;
			};
			name = Release;
		};
		02C353BD278FC3AB00D314B9 /* Debug */ = {
			isa = XCBuildConfiguration;
			buildSettings = {
				CODE_SIGN_STYLE = Automatic;
				DEVELOPMENT_TEAM = UK33H25L49;
				ENABLE_HARDENED_RUNTIME = YES;
				PRODUCT_NAME = "$(TARGET_NAME)";
			};
			name = Debug;
		};
		02C353BE278FC3AB00D314B9 /* Release */ = {
			isa = XCBuildConfiguration;
			buildSettings = {
				CODE_SIGN_STYLE = Automatic;
				DEVELOPMENT_TEAM = UK33H25L49;
				ENABLE_HARDENED_RUNTIME = YES;
				PRODUCT_NAME = "$(TARGET_NAME)";
			};
			name = Release;
		};
/* End XCBuildConfiguration section */

/* Begin XCConfigurationList section */
		02BC34F42790C54200CF909B /* Build configuration list for PBXNativeTarget "Windows" */ = {
			isa = XCConfigurationList;
			buildConfigurations = (
				02BC34F52790C54200CF909B /* Debug */,
				02BC34F62790C54200CF909B /* Release */,
			);
			defaultConfigurationIsVisible = 0;
			defaultConfigurationName = Release;
		};
		02BC34FE2790C54B00CF909B /* Build configuration list for PBXNativeTarget "Linux" */ = {
			isa = XCConfigurationList;
			buildConfigurations = (
				02BC34FF2790C54B00CF909B /* Debug */,
				02BC35002790C54B00CF909B /* Release */,
			);
			defaultConfigurationIsVisible = 0;
			defaultConfigurationName = Release;
		};
		02C353B0278FC3AB00D314B9 /* Build configuration list for PBXProject "Steg_cpp" */ = {
			isa = XCConfigurationList;
			buildConfigurations = (
				02C353BA278FC3AB00D314B9 /* Debug */,
				02C353BB278FC3AB00D314B9 /* Release */,
			);
			defaultConfigurationIsVisible = 0;
			defaultConfigurationName = Release;
		};
		02C353BC278FC3AB00D314B9 /* Build configuration list for PBXNativeTarget "MacOS" */ = {
			isa = XCConfigurationList;
			buildConfigurations = (
				02C353BD278FC3AB00D314B9 /* Debug */,
				02C353BE278FC3AB00D314B9 /* Release */,
			);
			defaultConfigurationIsVisible = 0;
			defaultConfigurationName = Release;
		};
/* End XCConfigurationList section */
	};
	rootObject = 02C353AD278FC3AB00D314B9 /* Project object */;
}
